
Microsoft Visual Studio Solution File, Format Version 12.00
# Visual Studio Version 17
VisualStudioVersion = 17.3.32922.545
MinimumVisualStudioVersion = 10.0.40219.1
Project("{2150E333-8FDC-42A3-9474-1A3956D46DE8}") = "Core", "Core", "{EA81ABE5-A7FF-48A8-9B73-4772A97AD919}"
EndProject
Project("{2150E333-8FDC-42A3-9474-1A3956D46DE8}") = "Infrastructure", "Infrastructure", "{A4782C67-432A-4FB7-A581-22820A026B41}"
EndProject
Project("{2150E333-8FDC-42A3-9474-1A3956D46DE8}") = "Presentation", "Presentation", "{54464571-93B1-482C-8D1F-197AD160DD13}"
EndProject
Project("{9A19103F-16F7-4668-BE54-9A1E7A4F7556}") = "Domain", "Core\Domain\Domain.csproj", "{1115CC4D-6A13-4144-A07E-E68AAACCB339}"
EndProject
Project("{9A19103F-16F7-4668-BE54-9A1E7A4F7556}") = "Application", "Core\Application\Application.csproj", "{626033BC-00D3-47F2-97B7-80560816EA31}"
EndProject
Project("{9A19103F-16F7-4668-BE54-9A1E7A4F7556}") = "Infrastructure", "Infrastructure\Infrastructure\Infrastructure.csproj", "{C1634F1F-6809-4122-AC77-25CF704C0431}"
EndProject
Project("{9A19103F-16F7-4668-BE54-9A1E7A4F7556}") = "Presentation", "Presentation\Presentation\Presentation.csproj", "{3AB0DFF1-C20B-4503-AD0D-459EE49B2EEB}"
EndProject
Project("{FAE04EC0-301F-11D3-BF4B-00C04F79EFBC}") = "Common", "Core\Common\Common.csproj", "{02E2D0D2-D81C-4BFA-80C4-AEC5A7F020E5}"
EndProject
Project("{2150E333-8FDC-42A3-9474-1A3956D46DE8}") = "UnitTests", "UnitTests", "{63780E37-DD27-4A82-B788-377BA70C20D0}"
EndProject
Project("{FAE04EC0-301F-11D3-BF4B-00C04F79EFBC}") = "Presentation.UnitTests", "UnitTests\Presentation.UnitTests\Presentation.UnitTests.csproj", "{CDC3B8B6-4F22-448D-BE24-E83DA1C7CE9A}"
EndProject
Project("{FAE04EC0-301F-11D3-BF4B-00C04F79EFBC}") = "Infrastructure.UnitTests", "UnitTests\Infrastructure.UnitTests\Infrastructure.UnitTests.csproj", "{779A85AE-C22B-44DF-AE15-B672D06F923B}"
EndProject
Project("{FAE04EC0-301F-11D3-BF4B-00C04F79EFBC}") = "Application.UnitTests", "UnitTests\Application.UnitTests\Application.UnitTests.csproj", "{A8985CA9-35F0-4972-96A5-A1BE124D0F09}"
EndProject
Project("{FAE04EC0-301F-11D3-BF4B-00C04F79EFBC}") = "UnitTests.Core", "UnitTests\UnitTests.Core\UnitTests.Core.csproj", "{CC74C36D-57D3-409D-B5E5-DB9667AF6DFF}"
EndProject
Global
	GlobalSection(SolutionConfigurationPlatforms) = preSolution
		Debug|Any CPU = Debug|Any CPU
		Release|Any CPU = Release|Any CPU
	EndGlobalSection
	GlobalSection(ProjectConfigurationPlatforms) = postSolution
		{1115CC4D-6A13-4144-A07E-E68AAACCB339}.Debug|Any CPU.ActiveCfg = Debug|Any CPU
		{1115CC4D-6A13-4144-A07E-E68AAACCB339}.Debug|Any CPU.Build.0 = Debug|Any CPU
		{1115CC4D-6A13-4144-A07E-E68AAACCB339}.Release|Any CPU.ActiveCfg = Release|Any CPU
		{1115CC4D-6A13-4144-A07E-E68AAACCB339}.Release|Any CPU.Build.0 = Release|Any CPU
		{626033BC-00D3-47F2-97B7-80560816EA31}.Debug|Any CPU.ActiveCfg = Debug|Any CPU
		{626033BC-00D3-47F2-97B7-80560816EA31}.Debug|Any CPU.Build.0 = Debug|Any CPU
		{626033BC-00D3-47F2-97B7-80560816EA31}.Release|Any CPU.ActiveCfg = Release|Any CPU
		{626033BC-00D3-47F2-97B7-80560816EA31}.Release|Any CPU.Build.0 = Release|Any CPU
		{C1634F1F-6809-4122-AC77-25CF704C0431}.Debug|Any CPU.ActiveCfg = Debug|Any CPU
		{C1634F1F-6809-4122-AC77-25CF704C0431}.Debug|Any CPU.Build.0 = Debug|Any CPU
		{C1634F1F-6809-4122-AC77-25CF704C0431}.Release|Any CPU.ActiveCfg = Release|Any CPU
		{C1634F1F-6809-4122-AC77-25CF704C0431}.Release|Any CPU.Build.0 = Release|Any CPU
		{3AB0DFF1-C20B-4503-AD0D-459EE49B2EEB}.Debug|Any CPU.ActiveCfg = Debug|Any CPU
		{3AB0DFF1-C20B-4503-AD0D-459EE49B2EEB}.Debug|Any CPU.Build.0 = Debug|Any CPU
		{3AB0DFF1-C20B-4503-AD0D-459EE49B2EEB}.Release|Any CPU.ActiveCfg = Release|Any CPU
		{3AB0DFF1-C20B-4503-AD0D-459EE49B2EEB}.Release|Any CPU.Build.0 = Release|Any CPU
		{02E2D0D2-D81C-4BFA-80C4-AEC5A7F020E5}.Debug|Any CPU.ActiveCfg = Debug|Any CPU
		{02E2D0D2-D81C-4BFA-80C4-AEC5A7F020E5}.Debug|Any CPU.Build.0 = Debug|Any CPU
		{02E2D0D2-D81C-4BFA-80C4-AEC5A7F020E5}.Release|Any CPU.ActiveCfg = Release|Any CPU
		{02E2D0D2-D81C-4BFA-80C4-AEC5A7F020E5}.Release|Any CPU.Build.0 = Release|Any CPU
		{CDC3B8B6-4F22-448D-BE24-E83DA1C7CE9A}.Debug|Any CPU.ActiveCfg = Debug|Any CPU
		{CDC3B8B6-4F22-448D-BE24-E83DA1C7CE9A}.Debug|Any CPU.Build.0 = Debug|Any CPU
		{CDC3B8B6-4F22-448D-BE24-E83DA1C7CE9A}.Release|Any CPU.ActiveCfg = Release|Any CPU
		{CDC3B8B6-4F22-448D-BE24-E83DA1C7CE9A}.Release|Any CPU.Build.0 = Release|Any CPU
		{779A85AE-C22B-44DF-AE15-B672D06F923B}.Debug|Any CPU.ActiveCfg = Debug|Any CPU
		{779A85AE-C22B-44DF-AE15-B672D06F923B}.Debug|Any CPU.Build.0 = Debug|Any CPU
		{779A85AE-C22B-44DF-AE15-B672D06F923B}.Release|Any CPU.ActiveCfg = Release|Any CPU
		{779A85AE-C22B-44DF-AE15-B672D06F923B}.Release|Any CPU.Build.0 = Release|Any CPU
		{A8985CA9-35F0-4972-96A5-A1BE124D0F09}.Debug|Any CPU.ActiveCfg = Debug|Any CPU
		{A8985CA9-35F0-4972-96A5-A1BE124D0F09}.Debug|Any CPU.Build.0 = Debug|Any CPU
		{A8985CA9-35F0-4972-96A5-A1BE124D0F09}.Release|Any CPU.ActiveCfg = Release|Any CPU
		{A8985CA9-35F0-4972-96A5-A1BE124D0F09}.Release|Any CPU.Build.0 = Release|Any CPU
		{CC74C36D-57D3-409D-B5E5-DB9667AF6DFF}.Debug|Any CPU.ActiveCfg = Debug|Any CPU
		{CC74C36D-57D3-409D-B5E5-DB9667AF6DFF}.Debug|Any CPU.Build.0 = Debug|Any CPU
		{CC74C36D-57D3-409D-B5E5-DB9667AF6DFF}.Release|Any CPU.ActiveCfg = Release|Any CPU
		{CC74C36D-57D3-409D-B5E5-DB9667AF6DFF}.Release|Any CPU.Build.0 = Release|Any CPU
	EndGlobalSection
	GlobalSection(SolutionProperties) = preSolution
		HideSolutionNode = FALSE
	EndGlobalSection
	GlobalSection(NestedProjects) = preSolution
		{1115CC4D-6A13-4144-A07E-E68AAACCB339} = {EA81ABE5-A7FF-48A8-9B73-4772A97AD919}
		{626033BC-00D3-47F2-97B7-80560816EA31} = {EA81ABE5-A7FF-48A8-9B73-4772A97AD919}
		{C1634F1F-6809-4122-AC77-25CF704C0431} = {A4782C67-432A-4FB7-A581-22820A026B41}
		{3AB0DFF1-C20B-4503-AD0D-459EE49B2EEB} = {54464571-93B1-482C-8D1F-197AD160DD13}
		{02E2D0D2-D81C-4BFA-80C4-AEC5A7F020E5} = {EA81ABE5-A7FF-48A8-9B73-4772A97AD919}
		{CDC3B8B6-4F22-448D-BE24-E83DA1C7CE9A} = {63780E37-DD27-4A82-B788-377BA70C20D0}
		{779A85AE-C22B-44DF-AE15-B672D06F923B} = {63780E37-DD27-4A82-B788-377BA70C20D0}
		{A8985CA9-35F0-4972-96A5-A1BE124D0F09} = {63780E37-DD27-4A82-B788-377BA70C20D0}
		{CC74C36D-57D3-409D-B5E5-DB9667AF6DFF} = {63780E37-DD27-4A82-B788-377BA70C20D0}
	EndGlobalSection
	GlobalSection(ExtensibilityGlobals) = postSolution
		SolutionGuid = {29938D9C-0C71-44D0-8777-F910830D4F6F}
	EndGlobalSection
EndGlobal
